{
  "requires": true,
  "lockfileVersion": 1,
  "dependencies": {
    "charenc": {
      "version": "0.0.2",
      "resolved": "https://registry.npmjs.org/charenc/-/charenc-0.0.2.tgz",
      "integrity": "sha1-wKHS86cJLgN3S/qD8UwPxXkKhmc="
    },
    "crypt": {
      "version": "0.0.2",
      "resolved": "https://registry.npmjs.org/crypt/-/crypt-0.0.2.tgz",
      "integrity": "sha1-iNf/fsDfuG9xPch7u0LQRNPmxBs="
    },
    "gitbook-plugin-ace": {
      "version": "0.3.2",
      "resolved": "https://registry.npmjs.org/gitbook-plugin-ace/-/gitbook-plugin-ace-0.3.2.tgz",
      "integrity": "sha1-rzPwQ9g+8DFi3/KIDopvQkOx5Y8=",
      "requires": {
        "highlight.js": "^9.3.0",
        "html-escape": "^1.0.2"
      }
    },
    "gitbook-plugin-auto-scroll-table": {
      "version": "0.0.5",
      "resolved": "https://registry.npmjs.org/gitbook-plugin-auto-scroll-table/-/gitbook-plugin-auto-scroll-table-0.0.5.tgz",
      "integrity": "sha1-WFa87VkIP6stDTj0pyFVIPrjBds="
    },
    "gitbook-plugin-collapsible-menu": {
      "version": "1.0.3",
      "resolved": "https://registry.npmjs.org/gitbook-plugin-collapsible-menu/-/gitbook-plugin-collapsible-menu-1.0.3.tgz",
      "integrity": "sha1-bSdlFouqplmeAtFdeKimfMgQgos="
    },
    "gitbook-plugin-custom-favicon": {
      "version": "0.0.4",
      "resolved": "https://registry.npmjs.org/gitbook-plugin-custom-favicon/-/gitbook-plugin-custom-favicon-0.0.4.tgz",
      "integrity": "sha1-y3NynUdYy3xsVk6O+wNdH24Irs8="
    },
    "gitbook-plugin-custom-js-css": {
      "version": "0.0.1",
      "resolved": "https://registry.npmjs.org/gitbook-plugin-custom-js-css/-/gitbook-plugin-custom-js-css-0.0.1.tgz",
      "integrity": "sha1-i9ldU/hqu83i5g8FtSzOghkHMvE=",
      "requires": {
        "lodash": "4.17.4",
        "tmp": "0.0.28"
      }
    },
    "gitbook-plugin-flexible-alerts": {
      "version": "1.0.1",
      "resolved": "https://registry.npmjs.org/gitbook-plugin-flexible-alerts/-/gitbook-plugin-flexible-alerts-1.0.1.tgz",
      "integrity": "sha1-sjW3tCx4Cjrn9f83azDxJXpxai4="
    },
    "gitbook-plugin-folding-chapters": {
      "version": "0.0.9",
      "resolved": "https://registry.npmjs.org/gitbook-plugin-folding-chapters/-/gitbook-plugin-folding-chapters-0.0.9.tgz",
      "integrity": "sha1-LlL/qUMGsLjrUfwwCWxHr1j45tg="
    },
    "gitbook-plugin-github-gist": {
      "version": "git+https://github.com/Shushik/gitbook-plugin-github-gist.git#6c5c36741f6cfdbf6dbbd7ec98f79c64eff0cf4f",
      "from": "git+https://github.com/Shushik/gitbook-plugin-github-gist.git",
      "requires": {
        "md5": "^2.2.1"
      }
    },
    "gitbook-plugin-headers-with-anchors": {
      "version": "git+https://github.com/Shushik/gitbook-plugin-headers-with-anchors.git#d47b13adc396eda74066e4170bc19c4a4e13d4b5",
      "from": "git+https://github.com/Shushik/gitbook-plugin-headers-with-anchors.git",
      "requires": {
        "md5": "^2.2.1"
      }
    },
    "gitbook-plugin-inline-codes": {
      "version": "git+https://github.com/Shushik/gitbook-plugin-inline-codes.git#6114d7595c3fa7c66317c215c23845026512c923",
      "from": "git+https://github.com/Shushik/gitbook-plugin-inline-codes.git"
    },
    "gitbook-plugin-intopic-toc": {
      "version": "1.0.1",
      "resolved": "https://registry.npmjs.org/gitbook-plugin-intopic-toc/-/gitbook-plugin-intopic-toc-1.0.1.tgz",
      "integrity": "sha1-rH9keRiLVkjU8bdFy2WE8kC4THs="
    },
    "gitbook-plugin-pretty-hint": {
      "version": "git+https://github.com/Shushik/gitbook-plugin-pretty-hint.git#14f072ec961ac745fa2363c9e5c10b88a9bbb81a",
      "from": "git+https://github.com/Shushik/gitbook-plugin-pretty-hint.git"
    },
    "gitbook-plugin-pretty-link": {
      "version": "git+https://github.com/Shushik/gitbook-plugin-pretty-link.git#544f65b2267a4487f4dc04322204e10667239c83",
      "from": "git+https://github.com/Shushik/gitbook-plugin-pretty-link.git",
      "requires": {
        "md5": "^2.2.1"
      }
    },
    "gitbook-plugin-smart-nav-collapse": {
      "version": "0.1.2",
      "resolved": "https://registry.npmjs.org/gitbook-plugin-smart-nav-collapse/-/gitbook-plugin-smart-nav-collapse-0.1.2.tgz",
      "integrity": "sha1-9W85FH+VEIMadTLBcZR6fcaLsR0="
    },
    "gitbook-plugin-toggle-chapters": {
      "version": "0.0.3",
      "resolved": "https://registry.npmjs.org/gitbook-plugin-toggle-chapters/-/gitbook-plugin-toggle-chapters-0.0.3.tgz",
      "integrity": "sha1-bl9aphubLiIcOAzfbpKDIAFez7k="
    },
    "gitbook-plugin-tree-shaper": {
      "version": "git+https://github.com/KardanovIR/gitbook-plugin-tree-shaper.git#587a048d5af2a1eed2d246585b416c79fba786cb",
      "from": "git+https://github.com/KardanovIR/gitbook-plugin-tree-shaper.git"
    },
    "highlight.js": {
      "version": "9.15.6",
      "resolved": "https://registry.npmjs.org/highlight.js/-/highlight.js-9.15.6.tgz",
      "integrity": "sha512-zozTAWM1D6sozHo8kqhfYgsac+B+q0PmsjXeyDrYIHHcBN0zTVT66+s2GW1GZv7DbyaROdLXKdabwS/WqPyIdQ=="
    },
    "html-escape": {
      "version": "1.0.2",
      "resolved": "https://registry.npmjs.org/html-escape/-/html-escape-1.0.2.tgz",
      "integrity": "sha1-X6eHwFaAkP4zLtWzz0qk9kZCGnQ="
    },
    "is-buffer": {
      "version": "1.1.6",
      "resolved": "https://registry.npmjs.org/is-buffer/-/is-buffer-1.1.6.tgz",
      "integrity": "sha1-76ouqdqg16suoTqXsritUf776L4="
    },
    "lodash": {
      "version": "4.17.4",
      "resolved": "https://registry.npmjs.org/lodash/-/lodash-4.17.4.tgz",
      "integrity": "sha1-eCA6TRwyiuHYbcpkYONptX9AVa4="
    },
    "md5": {
      "version": "2.2.1",
      "resolved": "https://registry.npmjs.org/md5/-/md5-2.2.1.tgz",
      "integrity": "sha1-U6s41f48iJG6RlMp6iP6wFQBJvk=",
      "requires": {
        "charenc": "~0.0.1",
        "crypt": "~0.0.1",
        "is-buffer": "~1.1.1"
      }
    },
    "os-tmpdir": {
      "version": "1.0.2",
      "resolved": "https://registry.npmjs.org/os-tmpdir/-/os-tmpdir-1.0.2.tgz",
      "integrity": "sha1-u+Z0BseaqFxc/sdm/lc0VV36EnQ="
    },
    "tmp": {
      "version": "0.0.28",
      "resolved": "https://registry.npmjs.org/tmp/-/tmp-0.0.28.tgz",
      "integrity": "sha1-Fyc1t/YU6nrzlmT6hM8N5OUV0SA=",
      "requires": {
        "os-tmpdir": "~1.0.1"
      }
    }
  }
}
